{
    "version": 3,
    "terraform_version": "0.11.6",
    "serial": 28,
    "lineage": "643f7939-c660-d790-6750-3b02fd392d75",
    "modules": [
        {
            "path": [
                "root"
            ],
            "outputs": {},
            "resources": {
                "aws_db_instance.db_server": {
                    "type": "aws_db_instance",
                    "depends_on": [
                        "aws_db_subnet_group.db_private",
                        "aws_security_group.dbserver_group"
                    ],
                    "primary": {
                        "id": "terraform-20180411221625204000000001",
                        "attributes": {
                            "address": "terraform-20180411221625204000000001.c8rrjshhygri.us-east-1.rds.amazonaws.com",
                            "allocated_storage": "10",
                            "arn": "arn:aws:rds:us-east-1:438737116605:db:terraform-20180411221625204000000001",
                            "auto_minor_version_upgrade": "true",
                            "availability_zone": "us-east-1a",
                            "backup_retention_period": "0",
                            "backup_window": "10:29-10:59",
                            "ca_cert_identifier": "rds-ca-2010",
                            "copy_tags_to_snapshot": "false",
                            "db_subnet_group_name": "main",
                            "endpoint": "terraform-20180411221625204000000001.c8rrjshhygri.us-east-1.rds.amazonaws.com:3306",
                            "engine": "mysql",
                            "engine_version": "5.7.21",
                            "hosted_zone_id": "Z2R2ITUGPM61AM",
                            "iam_database_authentication_enabled": "false",
                            "id": "terraform-20180411221625204000000001",
                            "identifier": "terraform-20180411221625204000000001",
                            "instance_class": "db.t2.micro",
                            "iops": "0",
                            "kms_key_id": "",
                            "license_model": "general-public-license",
                            "maintenance_window": "thu:04:53-thu:05:23",
                            "monitoring_interval": "0",
                            "multi_az": "false",
                            "name": "mydb",
                            "option_group_name": "default:mysql-5-7",
                            "parameter_group_name": "default.mysql5.7",
                            "password": "123dbpass",
                            "port": "3306",
                            "publicly_accessible": "false",
                            "replicas.#": "0",
                            "replicate_source_db": "",
                            "resource_id": "db-WU75LNL2CQNWYDOACG2GNCY46I",
                            "security_group_names.#": "0",
                            "skip_final_snapshot": "false",
                            "status": "deleting",
                            "storage_encrypted": "false",
                            "storage_type": "gp2",
                            "tags.%": "0",
                            "timezone": "",
                            "username": "dbadmin",
                            "vpc_security_group_ids.#": "1",
                            "vpc_security_group_ids.2946627666": "sg-543ee71d"
                        },
                        "meta": {
                            "e2bfb730-ecaa-11e6-8f88-34363bc7c4c0": {
                                "create": 2400000000000,
                                "delete": 2400000000000,
                                "update": 4800000000000
                            }
                        },
                        "tainted": false
                    },
                    "deposed": [],
                    "provider": "provider.aws"
                },
                "aws_db_subnet_group.db_private": {
                    "type": "aws_db_subnet_group",
                    "depends_on": [
                        "aws_subnet.us-east-1a-private",
                        "aws_subnet.us-east-1a-public"
                    ],
                    "primary": {
                        "id": "main",
                        "attributes": {
                            "arn": "arn:aws:rds:us-east-1:438737116605:subgrp:main",
                            "description": "Managed by Terraform",
                            "id": "main",
                            "name": "main",
                            "subnet_ids.#": "2",
                            "subnet_ids.1460621347": "subnet-5717fb30",
                            "subnet_ids.4029606017": "subnet-770d1a2a",
                            "tags.%": "1",
                            "tags.Name": "My DB subnet group"
                        },
                        "meta": {},
                        "tainted": false
                    },
                    "deposed": [],
                    "provider": "provider.aws"
                },
                "aws_security_group.dbserver_group": {
                    "type": "aws_security_group",
                    "depends_on": [
                        "aws_vpc.vpc_export"
                    ],
                    "primary": {
                        "id": "sg-543ee71d",
                        "attributes": {
                            "arn": "arn:aws:ec2:us-east-1:438737116605:security-group/sg-543ee71d",
                            "description": "Allow Ports 9043",
                            "egress.#": "0",
                            "id": "sg-543ee71d",
                            "ingress.#": "1",
                            "ingress.106838263.cidr_blocks.#": "1",
                            "ingress.106838263.cidr_blocks.0": "0.0.0.0/0",
                            "ingress.106838263.description": "",
                            "ingress.106838263.from_port": "9043",
                            "ingress.106838263.ipv6_cidr_blocks.#": "0",
                            "ingress.106838263.protocol": "tcp",
                            "ingress.106838263.security_groups.#": "0",
                            "ingress.106838263.self": "false",
                            "ingress.106838263.to_port": "9043",
                            "name": "dbserversg",
                            "owner_id": "438737116605",
                            "revoke_rules_on_delete": "false",
                            "tags.%": "1",
                            "tags.Name": "DBserveSG-Export",
                            "vpc_id": "vpc-3d037546"
                        },
                        "meta": {
                            "e2bfb730-ecaa-11e6-8f88-34363bc7c4c0": {
                                "create": 600000000000,
                                "delete": 600000000000
                            },
                            "schema_version": "1"
                        },
                        "tainted": false
                    },
                    "deposed": [],
                    "provider": "provider.aws"
                },
                "aws_subnet.us-east-1a-private": {
                    "type": "aws_subnet",
                    "depends_on": [
                        "aws_vpc.vpc_export"
                    ],
                    "primary": {
                        "id": "subnet-5717fb30",
                        "attributes": {
                            "assign_ipv6_address_on_creation": "false",
                            "availability_zone": "us-east-1b",
                            "cidr_block": "10.0.1.0/24",
                            "id": "subnet-5717fb30",
                            "map_public_ip_on_launch": "true",
                            "tags.%": "1",
                            "tags.Name": "Private Subnet",
                            "vpc_id": "vpc-3d037546"
                        },
                        "meta": {
                            "schema_version": "1"
                        },
                        "tainted": false
                    },
                    "deposed": [],
                    "provider": "provider.aws"
                },
                "aws_subnet.us-east-1a-public": {
                    "type": "aws_subnet",
                    "depends_on": [
                        "aws_vpc.vpc_export"
                    ],
                    "primary": {
                        "id": "subnet-770d1a2a",
                        "attributes": {
                            "assign_ipv6_address_on_creation": "false",
                            "availability_zone": "us-east-1a",
                            "cidr_block": "10.0.0.0/24",
                            "id": "subnet-770d1a2a",
                            "map_public_ip_on_launch": "true",
                            "tags.%": "1",
                            "tags.Name": "Public Subnet",
                            "vpc_id": "vpc-3d037546"
                        },
                        "meta": {
                            "schema_version": "1"
                        },
                        "tainted": false
                    },
                    "deposed": [],
                    "provider": "provider.aws"
                },
                "aws_vpc.vpc_export": {
                    "type": "aws_vpc",
                    "depends_on": [],
                    "primary": {
                        "id": "vpc-3d037546",
                        "attributes": {
                            "assign_generated_ipv6_cidr_block": "false",
                            "cidr_block": "10.0.0.0/16",
                            "default_network_acl_id": "acl-62814818",
                            "default_route_table_id": "rtb-362e454a",
                            "default_security_group_id": "sg-523ee71b",
                            "dhcp_options_id": "dopt-ec1c2494",
                            "enable_classiclink": "false",
                            "enable_classiclink_dns_support": "false",
                            "enable_dns_hostnames": "true",
                            "enable_dns_support": "true",
                            "id": "vpc-3d037546",
                            "instance_tenancy": "default",
                            "main_route_table_id": "rtb-362e454a",
                            "tags.%": "1",
                            "tags.Name": "Vpc-Export"
                        },
                        "meta": {
                            "schema_version": "1"
                        },
                        "tainted": false
                    },
                    "deposed": [],
                    "provider": "provider.aws"
                }
            },
            "depends_on": []
        }
    ]
}
