{
    "version": 3,
    "terraform_version": "0.11.6",
    "serial": 15,
    "lineage": "643f7939-c660-d790-6750-3b02fd392d75",
    "modules": [
        {
            "path": [
                "root"
            ],
            "outputs": {},
            "resources": {
                "aws_elb.webserver": {
                    "type": "aws_elb",
                    "depends_on": [
                        "aws_security_group.webserver_group",
                        "aws_subnet.us-east-1a-public"
                    ],
                    "primary": {
                        "id": "ELBexport",
                        "attributes": {
                            "access_logs.#": "0",
                            "arn": "arn:aws:elasticloadbalancing:us-east-1:438737116605:loadbalancer/ELBexport",
                            "availability_zones.#": "1",
                            "availability_zones.3569565595": "us-east-1a",
                            "connection_draining": "false",
                            "connection_draining_timeout": "300",
                            "cross_zone_load_balancing": "true",
                            "dns_name": "ELBexport-1087314521.us-east-1.elb.amazonaws.com",
                            "health_check.#": "1",
                            "health_check.0.healthy_threshold": "2",
                            "health_check.0.interval": "30",
                            "health_check.0.target": "HTTP:80/",
                            "health_check.0.timeout": "3",
                            "health_check.0.unhealthy_threshold": "2",
                            "id": "ELBexport",
                            "idle_timeout": "60",
                            "instances.#": "0",
                            "internal": "false",
                            "listener.#": "1",
                            "listener.3057123346.instance_port": "80",
                            "listener.3057123346.instance_protocol": "http",
                            "listener.3057123346.lb_port": "80",
                            "listener.3057123346.lb_protocol": "http",
                            "listener.3057123346.ssl_certificate_id": "",
                            "name": "ELBexport",
                            "security_groups.#": "1",
                            "security_groups.882721190": "sg-5641881f",
                            "source_security_group": "438737116605/webserversg",
                            "source_security_group_id": "sg-5641881f",
                            "subnets.#": "1",
                            "subnets.1265208297": "subnet-3f353f62",
                            "tags.%": "1",
                            "tags.Name": "Elb-Export",
                            "zone_id": "Z35SXDOTRQ7X7K"
                        },
                        "meta": {},
                        "tainted": false
                    },
                    "deposed": [],
                    "provider": "provider.aws"
                },
                "aws_instance.app_server": {
                    "type": "aws_instance",
                    "depends_on": [
                        "aws_security_group.appserver_group",
                        "aws_subnet.us-east-1a-public"
                    ],
                    "primary": {
                        "id": "i-0a5cf6970aae8108e",
                        "attributes": {
                            "ami": "ami-53b7152e",
                            "associate_public_ip_address": "false",
                            "availability_zone": "us-east-1a",
                            "disable_api_termination": "false",
                            "ebs_block_device.#": "0",
                            "ebs_optimized": "false",
                            "ephemeral_block_device.#": "0",
                            "get_password_data": "false",
                            "iam_instance_profile": "",
                            "id": "i-0a5cf6970aae8108e",
                            "instance_state": "running",
                            "instance_type": "t2.micro",
                            "ipv6_addresses.#": "0",
                            "key_name": "",
                            "monitoring": "false",
                            "network_interface.#": "0",
                            "network_interface_id": "eni-587ff9de",
                            "password_data": "",
                            "placement_group": "",
                            "primary_network_interface_id": "eni-587ff9de",
                            "private_dns": "ip-10-0-0-204.ec2.internal",
                            "private_ip": "10.0.0.204",
                            "public_dns": "",
                            "public_ip": "",
                            "root_block_device.#": "1",
                            "root_block_device.0.delete_on_termination": "true",
                            "root_block_device.0.iops": "100",
                            "root_block_device.0.volume_id": "vol-0e5231f3f9c53f40b",
                            "root_block_device.0.volume_size": "10",
                            "root_block_device.0.volume_type": "gp2",
                            "security_groups.#": "0",
                            "source_dest_check": "true",
                            "subnet_id": "subnet-3f353f62",
                            "tags.%": "1",
                            "tags.Name": "App_Server-Export",
                            "tenancy": "default",
                            "user_data": "ca22fd7d4ad78ca2f4017a1c4430889af24e4f98",
                            "volume_tags.%": "0",
                            "vpc_security_group_ids.#": "1",
                            "vpc_security_group_ids.3913981556": "sg-5f458c16"
                        },
                        "meta": {
                            "e2bfb730-ecaa-11e6-8f88-34363bc7c4c0": {
                                "create": 600000000000,
                                "delete": 1200000000000,
                                "update": 600000000000
                            },
                            "schema_version": "1"
                        },
                        "tainted": false
                    },
                    "deposed": [],
                    "provider": "provider.aws"
                },
                "aws_internet_gateway.gw_export": {
                    "type": "aws_internet_gateway",
                    "depends_on": [
                        "aws_vpc.vpc_export"
                    ],
                    "primary": {
                        "id": "igw-da63e5a2",
                        "attributes": {
                            "id": "igw-da63e5a2",
                            "vpc_id": "vpc-416f053a"
                        },
                        "meta": {},
                        "tainted": false
                    },
                    "deposed": [],
                    "provider": "provider.aws"
                },
                "aws_launch_configuration.web_launch_conf": {
                    "type": "aws_launch_configuration",
                    "depends_on": [],
                    "primary": {
                        "id": "web_config",
                        "attributes": {
                            "associate_public_ip_address": "false",
                            "ebs_block_device.#": "0",
                            "ebs_optimized": "false",
                            "enable_monitoring": "true",
                            "ephemeral_block_device.#": "0",
                            "iam_instance_profile": "",
                            "id": "web_config",
                            "image_id": "ami-53b7152e",
                            "instance_type": "t2.micro",
                            "key_name": "Linux",
                            "name": "web_config",
                            "root_block_device.#": "0",
                            "security_groups.#": "0",
                            "spot_price": "",
                            "user_data": "4c6b262aa219009a1eb834d709bc0e0b0a4a40ec",
                            "vpc_classic_link_id": "",
                            "vpc_classic_link_security_groups.#": "0"
                        },
                        "meta": {},
                        "tainted": false
                    },
                    "deposed": [],
                    "provider": "provider.aws"
                },
                "aws_route_table.us-east-1a-private": {
                    "type": "aws_route_table",
                    "depends_on": [
                        "aws_internet_gateway.gw_export",
                        "aws_vpc.vpc_export"
                    ],
                    "primary": {
                        "id": "rtb-2d046851",
                        "attributes": {
                            "id": "rtb-2d046851",
                            "propagating_vgws.#": "0",
                            "route.#": "1",
                            "route.3863791405.cidr_block": "0.0.0.0/0",
                            "route.3863791405.egress_only_gateway_id": "",
                            "route.3863791405.gateway_id": "igw-da63e5a2",
                            "route.3863791405.instance_id": "",
                            "route.3863791405.ipv6_cidr_block": "",
                            "route.3863791405.nat_gateway_id": "",
                            "route.3863791405.network_interface_id": "",
                            "route.3863791405.vpc_peering_connection_id": "",
                            "tags.%": "1",
                            "tags.Name": "Private Subnet",
                            "vpc_id": "vpc-416f053a"
                        },
                        "meta": {},
                        "tainted": false
                    },
                    "deposed": [],
                    "provider": "provider.aws"
                },
                "aws_route_table.us-east-1a-public": {
                    "type": "aws_route_table",
                    "depends_on": [
                        "aws_internet_gateway.gw_export",
                        "aws_vpc.vpc_export"
                    ],
                    "primary": {
                        "id": "rtb-f1026e8d",
                        "attributes": {
                            "id": "rtb-f1026e8d",
                            "propagating_vgws.#": "0",
                            "route.#": "1",
                            "route.3863791405.cidr_block": "0.0.0.0/0",
                            "route.3863791405.egress_only_gateway_id": "",
                            "route.3863791405.gateway_id": "igw-da63e5a2",
                            "route.3863791405.instance_id": "",
                            "route.3863791405.ipv6_cidr_block": "",
                            "route.3863791405.nat_gateway_id": "",
                            "route.3863791405.network_interface_id": "",
                            "route.3863791405.vpc_peering_connection_id": "",
                            "tags.%": "1",
                            "tags.Name": "Public Subnet",
                            "vpc_id": "vpc-416f053a"
                        },
                        "meta": {},
                        "tainted": false
                    },
                    "deposed": [],
                    "provider": "provider.aws"
                },
                "aws_route_table_association.us-east-1a-private": {
                    "type": "aws_route_table_association",
                    "depends_on": [
                        "aws_route_table.us-east-1a-private",
                        "aws_subnet.us-east-1a-private"
                    ],
                    "primary": {
                        "id": "rtbassoc-b6bc1bc9",
                        "attributes": {
                            "id": "rtbassoc-b6bc1bc9",
                            "route_table_id": "rtb-2d046851",
                            "subnet_id": "subnet-9c353fc1"
                        },
                        "meta": {},
                        "tainted": false
                    },
                    "deposed": [],
                    "provider": "provider.aws"
                },
                "aws_route_table_association.us-east-1a-public": {
                    "type": "aws_route_table_association",
                    "depends_on": [
                        "aws_route_table.us-east-1a-public",
                        "aws_subnet.us-east-1a-public"
                    ],
                    "primary": {
                        "id": "rtbassoc-fbb01784",
                        "attributes": {
                            "id": "rtbassoc-fbb01784",
                            "route_table_id": "rtb-f1026e8d",
                            "subnet_id": "subnet-3f353f62"
                        },
                        "meta": {},
                        "tainted": false
                    },
                    "deposed": [],
                    "provider": "provider.aws"
                },
                "aws_security_group.appserver_group": {
                    "type": "aws_security_group",
                    "depends_on": [
                        "aws_vpc.vpc_export"
                    ],
                    "primary": {
                        "id": "sg-5f458c16",
                        "attributes": {
                            "arn": "arn:aws:ec2:us-east-1:438737116605:security-group/sg-5f458c16",
                            "description": "Allow Ports 9043 and 22",
                            "egress.#": "0",
                            "id": "sg-5f458c16",
                            "ingress.#": "0",
                            "name": "appserversg",
                            "owner_id": "438737116605",
                            "revoke_rules_on_delete": "false",
                            "tags.%": "1",
                            "tags.Name": "AppserverSG-Export",
                            "vpc_id": "vpc-416f053a"
                        },
                        "meta": {
                            "e2bfb730-ecaa-11e6-8f88-34363bc7c4c0": {
                                "create": 600000000000,
                                "delete": 600000000000
                            },
                            "schema_version": "1"
                        },
                        "tainted": false
                    },
                    "deposed": [],
                    "provider": "provider.aws"
                },
                "aws_security_group.dbserver_group": {
                    "type": "aws_security_group",
                    "depends_on": [
                        "aws_vpc.vpc_export"
                    ],
                    "primary": {
                        "id": "sg-474c850e",
                        "attributes": {
                            "arn": "arn:aws:ec2:us-east-1:438737116605:security-group/sg-474c850e",
                            "description": "Allow Ports 9043",
                            "egress.#": "0",
                            "id": "sg-474c850e",
                            "ingress.#": "1",
                            "ingress.106838263.cidr_blocks.#": "1",
                            "ingress.106838263.cidr_blocks.0": "0.0.0.0/0",
                            "ingress.106838263.description": "",
                            "ingress.106838263.from_port": "9043",
                            "ingress.106838263.ipv6_cidr_blocks.#": "0",
                            "ingress.106838263.protocol": "tcp",
                            "ingress.106838263.security_groups.#": "0",
                            "ingress.106838263.self": "false",
                            "ingress.106838263.to_port": "9043",
                            "name": "dbserversg",
                            "owner_id": "438737116605",
                            "revoke_rules_on_delete": "false",
                            "tags.%": "1",
                            "tags.Name": "DBserveSG-Export",
                            "vpc_id": "vpc-416f053a"
                        },
                        "meta": {
                            "e2bfb730-ecaa-11e6-8f88-34363bc7c4c0": {
                                "create": 600000000000,
                                "delete": 600000000000
                            },
                            "schema_version": "1"
                        },
                        "tainted": false
                    },
                    "deposed": [],
                    "provider": "provider.aws"
                },
                "aws_security_group.nat": {
                    "type": "aws_security_group",
                    "depends_on": [
                        "aws_vpc.vpc_export"
                    ],
                    "primary": {
                        "id": "sg-815c95c8",
                        "attributes": {
                            "arn": "arn:aws:ec2:us-east-1:438737116605:security-group/sg-815c95c8",
                            "description": "Allow traffic to pass from the private subnet to the internet",
                            "egress.#": "0",
                            "id": "sg-815c95c8",
                            "ingress.#": "3",
                            "ingress.1799340084.cidr_blocks.#": "1",
                            "ingress.1799340084.cidr_blocks.0": "0.0.0.0/0",
                            "ingress.1799340084.description": "",
                            "ingress.1799340084.from_port": "-1",
                            "ingress.1799340084.ipv6_cidr_blocks.#": "0",
                            "ingress.1799340084.protocol": "icmp",
                            "ingress.1799340084.security_groups.#": "0",
                            "ingress.1799340084.self": "false",
                            "ingress.1799340084.to_port": "-1",
                            "ingress.2541437006.cidr_blocks.#": "1",
                            "ingress.2541437006.cidr_blocks.0": "0.0.0.0/0",
                            "ingress.2541437006.description": "",
                            "ingress.2541437006.from_port": "22",
                            "ingress.2541437006.ipv6_cidr_blocks.#": "0",
                            "ingress.2541437006.protocol": "tcp",
                            "ingress.2541437006.security_groups.#": "0",
                            "ingress.2541437006.self": "false",
                            "ingress.2541437006.to_port": "22",
                            "ingress.386650288.cidr_blocks.#": "1",
                            "ingress.386650288.cidr_blocks.0": "10.0.1.0/24",
                            "ingress.386650288.description": "",
                            "ingress.386650288.from_port": "80",
                            "ingress.386650288.ipv6_cidr_blocks.#": "0",
                            "ingress.386650288.protocol": "tcp",
                            "ingress.386650288.security_groups.#": "0",
                            "ingress.386650288.self": "false",
                            "ingress.386650288.to_port": "80",
                            "name": "vpc_nat",
                            "owner_id": "438737116605",
                            "revoke_rules_on_delete": "false",
                            "tags.%": "1",
                            "tags.Name": "NATSG",
                            "vpc_id": "vpc-416f053a"
                        },
                        "meta": {
                            "e2bfb730-ecaa-11e6-8f88-34363bc7c4c0": {
                                "create": 600000000000,
                                "delete": 600000000000
                            },
                            "schema_version": "1"
                        },
                        "tainted": false
                    },
                    "deposed": [],
                    "provider": "provider.aws"
                },
                "aws_security_group.webserver_group": {
                    "type": "aws_security_group",
                    "depends_on": [
                        "aws_vpc.vpc_export"
                    ],
                    "primary": {
                        "id": "sg-5641881f",
                        "attributes": {
                            "arn": "arn:aws:ec2:us-east-1:438737116605:security-group/sg-5641881f",
                            "description": "Allow Ports 80 and 22",
                            "egress.#": "0",
                            "id": "sg-5641881f",
                            "ingress.#": "0",
                            "name": "webserversg",
                            "owner_id": "438737116605",
                            "revoke_rules_on_delete": "false",
                            "tags.%": "1",
                            "tags.Name": "WebserverSG-Export",
                            "vpc_id": "vpc-416f053a"
                        },
                        "meta": {
                            "e2bfb730-ecaa-11e6-8f88-34363bc7c4c0": {
                                "create": 600000000000,
                                "delete": 600000000000
                            },
                            "schema_version": "1"
                        },
                        "tainted": false
                    },
                    "deposed": [],
                    "provider": "provider.aws"
                },
                "aws_subnet.us-east-1a-private": {
                    "type": "aws_subnet",
                    "depends_on": [
                        "aws_vpc.vpc_export"
                    ],
                    "primary": {
                        "id": "subnet-9c353fc1",
                        "attributes": {
                            "assign_ipv6_address_on_creation": "false",
                            "availability_zone": "us-east-1a",
                            "cidr_block": "10.0.1.0/24",
                            "id": "subnet-9c353fc1",
                            "map_public_ip_on_launch": "false",
                            "tags.%": "1",
                            "tags.Name": "Private Subnet",
                            "vpc_id": "vpc-416f053a"
                        },
                        "meta": {
                            "schema_version": "1"
                        },
                        "tainted": false
                    },
                    "deposed": [],
                    "provider": "provider.aws"
                },
                "aws_subnet.us-east-1a-public": {
                    "type": "aws_subnet",
                    "depends_on": [
                        "aws_vpc.vpc_export"
                    ],
                    "primary": {
                        "id": "subnet-3f353f62",
                        "attributes": {
                            "assign_ipv6_address_on_creation": "false",
                            "availability_zone": "us-east-1a",
                            "cidr_block": "10.0.0.0/24",
                            "id": "subnet-3f353f62",
                            "map_public_ip_on_launch": "false",
                            "tags.%": "1",
                            "tags.Name": "Public Subnet",
                            "vpc_id": "vpc-416f053a"
                        },
                        "meta": {
                            "schema_version": "1"
                        },
                        "tainted": false
                    },
                    "deposed": [],
                    "provider": "provider.aws"
                },
                "aws_vpc.vpc_export": {
                    "type": "aws_vpc",
                    "depends_on": [],
                    "primary": {
                        "id": "vpc-416f053a",
                        "attributes": {
                            "assign_generated_ipv6_cidr_block": "false",
                            "cidr_block": "10.0.0.0/16",
                            "default_network_acl_id": "acl-113efc6b",
                            "default_route_table_id": "rtb-441d7138",
                            "default_security_group_id": "sg-52438a1b",
                            "dhcp_options_id": "dopt-ec1c2494",
                            "enable_classiclink": "false",
                            "enable_classiclink_dns_support": "false",
                            "enable_dns_hostnames": "true",
                            "enable_dns_support": "true",
                            "id": "vpc-416f053a",
                            "instance_tenancy": "default",
                            "main_route_table_id": "rtb-441d7138",
                            "tags.%": "1",
                            "tags.Name": "Vpc-Export"
                        },
                        "meta": {
                            "schema_version": "1"
                        },
                        "tainted": false
                    },
                    "deposed": [],
                    "provider": "provider.aws"
                }
            },
            "depends_on": []
        }
    ]
}
