{
    "version": 3,
    "terraform_version": "0.11.6",
    "serial": 24,
    "lineage": "643f7939-c660-d790-6750-3b02fd392d75",
    "modules": [
        {
            "path": [
                "root"
            ],
            "outputs": {},
            "resources": {
                "aws_autoscaling_group.webserver_asg": {
                    "type": "aws_autoscaling_group",
                    "depends_on": [
                        "aws_elb.webserver",
                        "aws_launch_configuration.web_launch_conf",
                        "aws_subnet.us-east-1a-public"
                    ],
                    "primary": {
                        "id": "terraform-asg-example",
                        "attributes": {
                            "arn": "arn:aws:autoscaling:us-east-1:438737116605:autoScalingGroup:2e2a2222-4678-4dbe-86b4-bcc1a3bba302:autoScalingGroupName/terraform-asg-example",
                            "availability_zones.#": "1",
                            "availability_zones.3569565595": "us-east-1a",
                            "default_cooldown": "300",
                            "desired_capacity": "1",
                            "enabled_metrics.#": "0",
                            "force_delete": "false",
                            "health_check_grace_period": "300",
                            "health_check_type": "EC2",
                            "id": "terraform-asg-example",
                            "launch_configuration": "web_config",
                            "load_balancers.#": "1",
                            "load_balancers.753161763": "ELBexport",
                            "max_size": "2",
                            "metrics_granularity": "1Minute",
                            "min_size": "1",
                            "name": "terraform-asg-example",
                            "placement_group": "",
                            "protect_from_scale_in": "false",
                            "service_linked_role_arn": "arn:aws:iam::438737116605:role/aws-service-role/autoscaling.amazonaws.com/AWSServiceRoleForAutoScaling",
                            "suspended_processes.#": "0",
                            "tag.#": "0",
                            "target_group_arns.#": "0",
                            "termination_policies.#": "0",
                            "vpc_zone_identifier.#": "1",
                            "vpc_zone_identifier.4029606017": "subnet-770d1a2a",
                            "wait_for_capacity_timeout": "10m"
                        },
                        "meta": {
                            "e2bfb730-ecaa-11e6-8f88-34363bc7c4c0": {
                                "delete": 600000000000
                            }
                        },
                        "tainted": false
                    },
                    "deposed": [],
                    "provider": "provider.aws"
                },
                "aws_db_instance.db_server": {
                    "type": "aws_db_instance",
                    "depends_on": [
                        "aws_db_subnet_group.db_private",
                        "aws_security_group.dbserver_group"
                    ],
                    "primary": {
                        "id": "terraform-20180411221625204000000001",
                        "attributes": {
                            "address": "terraform-20180411221625204000000001.c8rrjshhygri.us-east-1.rds.amazonaws.com",
                            "allocated_storage": "10",
                            "arn": "arn:aws:rds:us-east-1:438737116605:db:terraform-20180411221625204000000001",
                            "auto_minor_version_upgrade": "true",
                            "availability_zone": "us-east-1a",
                            "backup_retention_period": "0",
                            "backup_window": "10:29-10:59",
                            "ca_cert_identifier": "rds-ca-2015",
                            "copy_tags_to_snapshot": "false",
                            "db_subnet_group_name": "main",
                            "endpoint": "terraform-20180411221625204000000001.c8rrjshhygri.us-east-1.rds.amazonaws.com:3306",
                            "engine": "mysql",
                            "engine_version": "5.7.21",
                            "hosted_zone_id": "Z2R2ITUGPM61AM",
                            "iam_database_authentication_enabled": "false",
                            "id": "terraform-20180411221625204000000001",
                            "identifier": "terraform-20180411221625204000000001",
                            "instance_class": "db.t2.micro",
                            "iops": "0",
                            "kms_key_id": "",
                            "license_model": "general-public-license",
                            "maintenance_window": "thu:04:53-thu:05:23",
                            "monitoring_interval": "0",
                            "multi_az": "false",
                            "name": "mydb",
                            "option_group_name": "default:mysql-5-7",
                            "parameter_group_name": "default.mysql5.7",
                            "password": "123dbpass",
                            "port": "3306",
                            "publicly_accessible": "false",
                            "replicas.#": "0",
                            "replicate_source_db": "",
                            "resource_id": "db-WU75LNL2CQNWYDOACG2GNCY46I",
                            "security_group_names.#": "0",
                            "skip_final_snapshot": "false",
                            "status": "available",
                            "storage_encrypted": "false",
                            "storage_type": "gp2",
                            "tags.%": "1",
                            "tags.Name": "DB_Server-Export",
                            "timezone": "",
                            "username": "dbadmin",
                            "vpc_security_group_ids.#": "1",
                            "vpc_security_group_ids.2946627666": "sg-543ee71d"
                        },
                        "meta": {
                            "e2bfb730-ecaa-11e6-8f88-34363bc7c4c0": {
                                "create": 2400000000000,
                                "delete": 2400000000000,
                                "update": 4800000000000
                            }
                        },
                        "tainted": false
                    },
                    "deposed": [],
                    "provider": "provider.aws"
                },
                "aws_db_subnet_group.db_private": {
                    "type": "aws_db_subnet_group",
                    "depends_on": [
                        "aws_subnet.us-east-1a-private",
                        "aws_subnet.us-east-1a-public"
                    ],
                    "primary": {
                        "id": "main",
                        "attributes": {
                            "arn": "arn:aws:rds:us-east-1:438737116605:subgrp:main",
                            "description": "Managed by Terraform",
                            "id": "main",
                            "name": "main",
                            "subnet_ids.#": "2",
                            "subnet_ids.1460621347": "subnet-5717fb30",
                            "subnet_ids.4029606017": "subnet-770d1a2a",
                            "tags.%": "1",
                            "tags.Name": "My DB subnet group"
                        },
                        "meta": {},
                        "tainted": false
                    },
                    "deposed": [],
                    "provider": "provider.aws"
                },
                "aws_elb.webserver": {
                    "type": "aws_elb",
                    "depends_on": [
                        "aws_security_group.webserver_group",
                        "aws_subnet.us-east-1a-public"
                    ],
                    "primary": {
                        "id": "ELBexport",
                        "attributes": {
                            "access_logs.#": "0",
                            "arn": "arn:aws:elasticloadbalancing:us-east-1:438737116605:loadbalancer/ELBexport",
                            "availability_zones.#": "1",
                            "availability_zones.3569565595": "us-east-1a",
                            "connection_draining": "false",
                            "connection_draining_timeout": "300",
                            "cross_zone_load_balancing": "true",
                            "dns_name": "ELBexport-1691956556.us-east-1.elb.amazonaws.com",
                            "health_check.#": "1",
                            "health_check.0.healthy_threshold": "2",
                            "health_check.0.interval": "30",
                            "health_check.0.target": "HTTP:80/",
                            "health_check.0.timeout": "3",
                            "health_check.0.unhealthy_threshold": "2",
                            "id": "ELBexport",
                            "idle_timeout": "60",
                            "instances.#": "0",
                            "internal": "false",
                            "listener.#": "1",
                            "listener.3057123346.instance_port": "80",
                            "listener.3057123346.instance_protocol": "http",
                            "listener.3057123346.lb_port": "80",
                            "listener.3057123346.lb_protocol": "http",
                            "listener.3057123346.ssl_certificate_id": "",
                            "name": "ELBexport",
                            "security_groups.#": "1",
                            "security_groups.2508767454": "sg-642ff62d",
                            "source_security_group": "438737116605/webserversg",
                            "source_security_group_id": "sg-642ff62d",
                            "subnets.#": "1",
                            "subnets.4029606017": "subnet-770d1a2a",
                            "tags.%": "1",
                            "tags.Name": "Elb-Export",
                            "zone_id": "Z35SXDOTRQ7X7K"
                        },
                        "meta": {},
                        "tainted": false
                    },
                    "deposed": [],
                    "provider": "provider.aws"
                },
                "aws_instance.app_server": {
                    "type": "aws_instance",
                    "depends_on": [
                        "aws_security_group.appserver_group",
                        "aws_subnet.us-east-1a-public"
                    ],
                    "primary": {
                        "id": "i-01b14db3dfe5690da",
                        "attributes": {
                            "ami": "ami-53b7152e",
                            "associate_public_ip_address": "false",
                            "availability_zone": "us-east-1a",
                            "disable_api_termination": "false",
                            "ebs_block_device.#": "0",
                            "ebs_optimized": "false",
                            "ephemeral_block_device.#": "0",
                            "get_password_data": "false",
                            "iam_instance_profile": "",
                            "id": "i-01b14db3dfe5690da",
                            "instance_state": "running",
                            "instance_type": "t2.micro",
                            "ipv6_addresses.#": "0",
                            "key_name": "",
                            "monitoring": "false",
                            "network_interface.#": "0",
                            "network_interface_id": "eni-2dc9a5ab",
                            "password_data": "",
                            "placement_group": "",
                            "primary_network_interface_id": "eni-2dc9a5ab",
                            "private_dns": "ip-10-0-0-134.ec2.internal",
                            "private_ip": "10.0.0.134",
                            "public_dns": "",
                            "public_ip": "",
                            "root_block_device.#": "1",
                            "root_block_device.0.delete_on_termination": "true",
                            "root_block_device.0.iops": "100",
                            "root_block_device.0.volume_id": "vol-008202097dc1420cb",
                            "root_block_device.0.volume_size": "10",
                            "root_block_device.0.volume_type": "gp2",
                            "security_groups.#": "0",
                            "source_dest_check": "true",
                            "subnet_id": "subnet-770d1a2a",
                            "tags.%": "1",
                            "tags.Name": "App_Server-Export",
                            "tenancy": "default",
                            "user_data": "ca22fd7d4ad78ca2f4017a1c4430889af24e4f98",
                            "volume_tags.%": "0",
                            "vpc_security_group_ids.#": "1",
                            "vpc_security_group_ids.3546802901": "sg-672ff62e"
                        },
                        "meta": {
                            "e2bfb730-ecaa-11e6-8f88-34363bc7c4c0": {
                                "create": 600000000000,
                                "delete": 1200000000000,
                                "update": 600000000000
                            },
                            "schema_version": "1"
                        },
                        "tainted": false
                    },
                    "deposed": [],
                    "provider": "provider.aws"
                },
                "aws_internet_gateway.gw_export": {
                    "type": "aws_internet_gateway",
                    "depends_on": [
                        "aws_vpc.vpc_export"
                    ],
                    "primary": {
                        "id": "igw-fb0c8f83",
                        "attributes": {
                            "id": "igw-fb0c8f83",
                            "tags.%": "0",
                            "vpc_id": "vpc-3d037546"
                        },
                        "meta": {},
                        "tainted": false
                    },
                    "deposed": [],
                    "provider": "provider.aws"
                },
                "aws_launch_configuration.web_launch_conf": {
                    "type": "aws_launch_configuration",
                    "depends_on": [],
                    "primary": {
                        "id": "web_config",
                        "attributes": {
                            "associate_public_ip_address": "false",
                            "ebs_block_device.#": "0",
                            "ebs_optimized": "false",
                            "enable_monitoring": "true",
                            "ephemeral_block_device.#": "0",
                            "iam_instance_profile": "",
                            "id": "web_config",
                            "image_id": "ami-53b7152e",
                            "instance_type": "t2.micro",
                            "key_name": "Linux",
                            "name": "web_config",
                            "root_block_device.#": "0",
                            "security_groups.#": "0",
                            "spot_price": "",
                            "user_data": "4c6b262aa219009a1eb834d709bc0e0b0a4a40ec",
                            "vpc_classic_link_id": "",
                            "vpc_classic_link_security_groups.#": "0"
                        },
                        "meta": {},
                        "tainted": false
                    },
                    "deposed": [],
                    "provider": "provider.aws"
                },
                "aws_route_table.us-east-1a-private": {
                    "type": "aws_route_table",
                    "depends_on": [
                        "aws_internet_gateway.gw_export",
                        "aws_vpc.vpc_export"
                    ],
                    "primary": {
                        "id": "rtb-cfdfb7b3",
                        "attributes": {
                            "id": "rtb-cfdfb7b3",
                            "propagating_vgws.#": "0",
                            "route.#": "1",
                            "route.3326117016.cidr_block": "0.0.0.0/0",
                            "route.3326117016.egress_only_gateway_id": "",
                            "route.3326117016.gateway_id": "igw-fb0c8f83",
                            "route.3326117016.instance_id": "",
                            "route.3326117016.ipv6_cidr_block": "",
                            "route.3326117016.nat_gateway_id": "",
                            "route.3326117016.network_interface_id": "",
                            "route.3326117016.vpc_peering_connection_id": "",
                            "tags.%": "1",
                            "tags.Name": "Private Subnet",
                            "vpc_id": "vpc-3d037546"
                        },
                        "meta": {},
                        "tainted": false
                    },
                    "deposed": [],
                    "provider": "provider.aws"
                },
                "aws_route_table.us-east-1a-public": {
                    "type": "aws_route_table",
                    "depends_on": [
                        "aws_internet_gateway.gw_export",
                        "aws_vpc.vpc_export"
                    ],
                    "primary": {
                        "id": "rtb-33d4bc4f",
                        "attributes": {
                            "id": "rtb-33d4bc4f",
                            "propagating_vgws.#": "0",
                            "route.#": "1",
                            "route.3326117016.cidr_block": "0.0.0.0/0",
                            "route.3326117016.egress_only_gateway_id": "",
                            "route.3326117016.gateway_id": "igw-fb0c8f83",
                            "route.3326117016.instance_id": "",
                            "route.3326117016.ipv6_cidr_block": "",
                            "route.3326117016.nat_gateway_id": "",
                            "route.3326117016.network_interface_id": "",
                            "route.3326117016.vpc_peering_connection_id": "",
                            "tags.%": "1",
                            "tags.Name": "Public Subnet",
                            "vpc_id": "vpc-3d037546"
                        },
                        "meta": {},
                        "tainted": false
                    },
                    "deposed": [],
                    "provider": "provider.aws"
                },
                "aws_route_table_association.us-east-1a-private": {
                    "type": "aws_route_table_association",
                    "depends_on": [
                        "aws_route_table.us-east-1a-private",
                        "aws_subnet.us-east-1a-private"
                    ],
                    "primary": {
                        "id": "rtbassoc-cc309db3",
                        "attributes": {
                            "id": "rtbassoc-cc309db3",
                            "route_table_id": "rtb-cfdfb7b3",
                            "subnet_id": "subnet-5717fb30"
                        },
                        "meta": {},
                        "tainted": false
                    },
                    "deposed": [],
                    "provider": "provider.aws"
                },
                "aws_route_table_association.us-east-1a-public": {
                    "type": "aws_route_table_association",
                    "depends_on": [
                        "aws_route_table.us-east-1a-public",
                        "aws_subnet.us-east-1a-public"
                    ],
                    "primary": {
                        "id": "rtbassoc-8b379af4",
                        "attributes": {
                            "id": "rtbassoc-8b379af4",
                            "route_table_id": "rtb-33d4bc4f",
                            "subnet_id": "subnet-770d1a2a"
                        },
                        "meta": {},
                        "tainted": false
                    },
                    "deposed": [],
                    "provider": "provider.aws"
                },
                "aws_security_group.appserver_group": {
                    "type": "aws_security_group",
                    "depends_on": [
                        "aws_vpc.vpc_export"
                    ],
                    "primary": {
                        "id": "sg-672ff62e",
                        "attributes": {
                            "arn": "arn:aws:ec2:us-east-1:438737116605:security-group/sg-672ff62e",
                            "description": "Allow Ports 9043 and 22",
                            "egress.#": "0",
                            "id": "sg-672ff62e",
                            "ingress.#": "2",
                            "ingress.106838263.cidr_blocks.#": "1",
                            "ingress.106838263.cidr_blocks.0": "0.0.0.0/0",
                            "ingress.106838263.description": "",
                            "ingress.106838263.from_port": "9043",
                            "ingress.106838263.ipv6_cidr_blocks.#": "0",
                            "ingress.106838263.protocol": "tcp",
                            "ingress.106838263.security_groups.#": "0",
                            "ingress.106838263.self": "false",
                            "ingress.106838263.to_port": "9043",
                            "ingress.2541437006.cidr_blocks.#": "1",
                            "ingress.2541437006.cidr_blocks.0": "0.0.0.0/0",
                            "ingress.2541437006.description": "",
                            "ingress.2541437006.from_port": "22",
                            "ingress.2541437006.ipv6_cidr_blocks.#": "0",
                            "ingress.2541437006.protocol": "tcp",
                            "ingress.2541437006.security_groups.#": "0",
                            "ingress.2541437006.self": "false",
                            "ingress.2541437006.to_port": "22",
                            "name": "appserversg",
                            "owner_id": "438737116605",
                            "revoke_rules_on_delete": "false",
                            "tags.%": "1",
                            "tags.Name": "AppserverSG-Export",
                            "vpc_id": "vpc-3d037546"
                        },
                        "meta": {
                            "e2bfb730-ecaa-11e6-8f88-34363bc7c4c0": {
                                "create": 600000000000,
                                "delete": 600000000000
                            },
                            "schema_version": "1"
                        },
                        "tainted": false
                    },
                    "deposed": [],
                    "provider": "provider.aws"
                },
                "aws_security_group.dbserver_group": {
                    "type": "aws_security_group",
                    "depends_on": [
                        "aws_vpc.vpc_export"
                    ],
                    "primary": {
                        "id": "sg-543ee71d",
                        "attributes": {
                            "arn": "arn:aws:ec2:us-east-1:438737116605:security-group/sg-543ee71d",
                            "description": "Allow Ports 9043",
                            "egress.#": "0",
                            "id": "sg-543ee71d",
                            "ingress.#": "1",
                            "ingress.106838263.cidr_blocks.#": "1",
                            "ingress.106838263.cidr_blocks.0": "0.0.0.0/0",
                            "ingress.106838263.description": "",
                            "ingress.106838263.from_port": "9043",
                            "ingress.106838263.ipv6_cidr_blocks.#": "0",
                            "ingress.106838263.protocol": "tcp",
                            "ingress.106838263.security_groups.#": "0",
                            "ingress.106838263.self": "false",
                            "ingress.106838263.to_port": "9043",
                            "name": "dbserversg",
                            "owner_id": "438737116605",
                            "revoke_rules_on_delete": "false",
                            "tags.%": "1",
                            "tags.Name": "DBserveSG-Export",
                            "vpc_id": "vpc-3d037546"
                        },
                        "meta": {
                            "e2bfb730-ecaa-11e6-8f88-34363bc7c4c0": {
                                "create": 600000000000,
                                "delete": 600000000000
                            },
                            "schema_version": "1"
                        },
                        "tainted": false
                    },
                    "deposed": [],
                    "provider": "provider.aws"
                },
                "aws_security_group.webserver_group": {
                    "type": "aws_security_group",
                    "depends_on": [
                        "aws_vpc.vpc_export"
                    ],
                    "primary": {
                        "id": "sg-642ff62d",
                        "attributes": {
                            "arn": "arn:aws:ec2:us-east-1:438737116605:security-group/sg-642ff62d",
                            "description": "Allow Ports 80 and 22",
                            "egress.#": "0",
                            "id": "sg-642ff62d",
                            "ingress.#": "2",
                            "ingress.2214680975.cidr_blocks.#": "1",
                            "ingress.2214680975.cidr_blocks.0": "0.0.0.0/0",
                            "ingress.2214680975.description": "",
                            "ingress.2214680975.from_port": "80",
                            "ingress.2214680975.ipv6_cidr_blocks.#": "0",
                            "ingress.2214680975.protocol": "tcp",
                            "ingress.2214680975.security_groups.#": "0",
                            "ingress.2214680975.self": "false",
                            "ingress.2214680975.to_port": "80",
                            "ingress.2541437006.cidr_blocks.#": "1",
                            "ingress.2541437006.cidr_blocks.0": "0.0.0.0/0",
                            "ingress.2541437006.description": "",
                            "ingress.2541437006.from_port": "22",
                            "ingress.2541437006.ipv6_cidr_blocks.#": "0",
                            "ingress.2541437006.protocol": "tcp",
                            "ingress.2541437006.security_groups.#": "0",
                            "ingress.2541437006.self": "false",
                            "ingress.2541437006.to_port": "22",
                            "name": "webserversg",
                            "owner_id": "438737116605",
                            "revoke_rules_on_delete": "false",
                            "tags.%": "1",
                            "tags.Name": "WebserverSG-Export",
                            "vpc_id": "vpc-3d037546"
                        },
                        "meta": {
                            "e2bfb730-ecaa-11e6-8f88-34363bc7c4c0": {
                                "create": 600000000000,
                                "delete": 600000000000
                            },
                            "schema_version": "1"
                        },
                        "tainted": false
                    },
                    "deposed": [],
                    "provider": "provider.aws"
                },
                "aws_subnet.us-east-1a-private": {
                    "type": "aws_subnet",
                    "depends_on": [
                        "aws_vpc.vpc_export"
                    ],
                    "primary": {
                        "id": "subnet-5717fb30",
                        "attributes": {
                            "assign_ipv6_address_on_creation": "false",
                            "availability_zone": "us-east-1b",
                            "cidr_block": "10.0.1.0/24",
                            "id": "subnet-5717fb30",
                            "map_public_ip_on_launch": "false",
                            "tags.%": "1",
                            "tags.Name": "Private Subnet",
                            "vpc_id": "vpc-3d037546"
                        },
                        "meta": {
                            "schema_version": "1"
                        },
                        "tainted": false
                    },
                    "deposed": [],
                    "provider": "provider.aws"
                },
                "aws_subnet.us-east-1a-public": {
                    "type": "aws_subnet",
                    "depends_on": [
                        "aws_vpc.vpc_export"
                    ],
                    "primary": {
                        "id": "subnet-770d1a2a",
                        "attributes": {
                            "assign_ipv6_address_on_creation": "false",
                            "availability_zone": "us-east-1a",
                            "cidr_block": "10.0.0.0/24",
                            "id": "subnet-770d1a2a",
                            "map_public_ip_on_launch": "false",
                            "tags.%": "1",
                            "tags.Name": "Public Subnet",
                            "vpc_id": "vpc-3d037546"
                        },
                        "meta": {
                            "schema_version": "1"
                        },
                        "tainted": false
                    },
                    "deposed": [],
                    "provider": "provider.aws"
                },
                "aws_vpc.vpc_export": {
                    "type": "aws_vpc",
                    "depends_on": [],
                    "primary": {
                        "id": "vpc-3d037546",
                        "attributes": {
                            "assign_generated_ipv6_cidr_block": "false",
                            "cidr_block": "10.0.0.0/16",
                            "default_network_acl_id": "acl-62814818",
                            "default_route_table_id": "rtb-362e454a",
                            "default_security_group_id": "sg-523ee71b",
                            "dhcp_options_id": "dopt-ec1c2494",
                            "enable_classiclink": "false",
                            "enable_classiclink_dns_support": "false",
                            "enable_dns_hostnames": "true",
                            "enable_dns_support": "true",
                            "id": "vpc-3d037546",
                            "instance_tenancy": "default",
                            "main_route_table_id": "rtb-362e454a",
                            "tags.%": "1",
                            "tags.Name": "Vpc-Export"
                        },
                        "meta": {
                            "schema_version": "1"
                        },
                        "tainted": false
                    },
                    "deposed": [],
                    "provider": "provider.aws"
                }
            },
            "depends_on": []
        }
    ]
}
