{
    "version": 3,
    "terraform_version": "0.11.6",
    "serial": 6,
    "lineage": "643f7939-c660-d790-6750-3b02fd392d75",
    "modules": [
        {
            "path": [
                "root"
            ],
            "outputs": {},
            "resources": {
                "aws_instance.example": {
                    "type": "aws_instance",
                    "depends_on": [],
                    "primary": {
                        "id": "i-00b94de75a7ed5203",
                        "attributes": {
                            "ami": "ami-53b7152e",
                            "associate_public_ip_address": "true",
                            "availability_zone": "us-east-1a",
                            "disable_api_termination": "false",
                            "ebs_block_device.#": "0",
                            "ebs_optimized": "false",
                            "ephemeral_block_device.#": "0",
                            "get_password_data": "false",
                            "iam_instance_profile": "",
                            "id": "i-00b94de75a7ed5203",
                            "instance_state": "running",
                            "instance_type": "t2.micro",
                            "ipv6_addresses.#": "0",
                            "key_name": "",
                            "monitoring": "false",
                            "network_interface.#": "0",
                            "network_interface_id": "eni-20f147a6",
                            "password_data": "",
                            "placement_group": "",
                            "primary_network_interface_id": "eni-20f147a6",
                            "private_dns": "ip-172-31-38-137.ec2.internal",
                            "private_ip": "172.31.38.137",
                            "public_dns": "ec2-52-207-34-180.compute-1.amazonaws.com",
                            "public_ip": "52.207.34.180",
                            "root_block_device.#": "1",
                            "root_block_device.0.delete_on_termination": "true",
                            "root_block_device.0.iops": "100",
                            "root_block_device.0.volume_id": "vol-0652c3b0e97936de2",
                            "root_block_device.0.volume_size": "10",
                            "root_block_device.0.volume_type": "gp2",
                            "security_groups.#": "1",
                            "security_groups.3814588639": "default",
                            "source_dest_check": "true",
                            "subnet_id": "subnet-4665661b",
                            "tags.%": "1",
                            "tags.Name": "Terraform-Example",
                            "tenancy": "default",
                            "user_data": "f73dc93b53fbe0cb20315708d415604d6a3e6782",
                            "volume_tags.%": "0",
                            "vpc_security_group_ids.#": "1",
                            "vpc_security_group_ids.1202390196": "sg-07140a71"
                        },
                        "meta": {
                            "e2bfb730-ecaa-11e6-8f88-34363bc7c4c0": {
                                "create": 600000000000,
                                "delete": 1200000000000,
                                "update": 600000000000
                            },
                            "schema_version": "1"
                        },
                        "tainted": false
                    },
                    "deposed": [],
                    "provider": "provider.aws"
                }
            },
            "depends_on": []
        }
    ]
}
